
Microsoft Visual Studio Solution File, Format Version 12.00
# Visual Studio 2013
VisualStudioVersion = 12.0.31101.0
MinimumVisualStudioVersion = 10.0.40219.1
Project("{FAE04EC0-301F-11D3-BF4B-00C04F79EFBC}") = "CosmicSimulator", "CosmicSimulator\CosmicSimulator.csproj", "{A8AD22A5-0A09-4E1D-9934-D1DFBDFB784E}"
EndProject
Project("{FAE04EC0-301F-11D3-BF4B-00C04F79EFBC}") = "CosmicSimulatorController", "CosmicSimulatorController\CosmicSimulatorController.csproj", "{073B6D27-0C22-4916-BF50-590F1891871D}"
EndProject
Project("{FAE04EC0-301F-11D3-BF4B-00C04F79EFBC}") = "CosmicSimulatorModel", "CosmicSimulatorModel\CosmicSimulatorModel.csproj", "{F3DA6E73-0513-4B5A-957C-6D5301077BEA}"
EndProject
Project("{2150E333-8FDC-42A3-9474-1A3956D46DE8}") = ".nuget", ".nuget", "{7A50142F-200A-488A-AE1C-911A30EAFBE7}"
	ProjectSection(SolutionItems) = preProject
		.nuget\NuGet.Config = .nuget\NuGet.Config
		.nuget\NuGet.exe = .nuget\NuGet.exe
		.nuget\NuGet.targets = .nuget\NuGet.targets
	EndProjectSection
EndProject
Global
	GlobalSection(SolutionConfigurationPlatforms) = preSolution
		Debug|Any CPU = Debug|Any CPU
		Release|Any CPU = Release|Any CPU
	EndGlobalSection
	GlobalSection(ProjectConfigurationPlatforms) = postSolution
		{A8AD22A5-0A09-4E1D-9934-D1DFBDFB784E}.Debug|Any CPU.ActiveCfg = Debug|Any CPU
		{A8AD22A5-0A09-4E1D-9934-D1DFBDFB784E}.Debug|Any CPU.Build.0 = Debug|Any CPU
		{A8AD22A5-0A09-4E1D-9934-D1DFBDFB784E}.Release|Any CPU.ActiveCfg = Release|Any CPU
		{A8AD22A5-0A09-4E1D-9934-D1DFBDFB784E}.Release|Any CPU.Build.0 = Release|Any CPU
		{073B6D27-0C22-4916-BF50-590F1891871D}.Debug|Any CPU.ActiveCfg = Debug|Any CPU
		{073B6D27-0C22-4916-BF50-590F1891871D}.Debug|Any CPU.Build.0 = Debug|Any CPU
		{073B6D27-0C22-4916-BF50-590F1891871D}.Release|Any CPU.ActiveCfg = Release|Any CPU
		{073B6D27-0C22-4916-BF50-590F1891871D}.Release|Any CPU.Build.0 = Release|Any CPU
		{F3DA6E73-0513-4B5A-957C-6D5301077BEA}.Debug|Any CPU.ActiveCfg = Debug|Any CPU
		{F3DA6E73-0513-4B5A-957C-6D5301077BEA}.Debug|Any CPU.Build.0 = Debug|Any CPU
		{F3DA6E73-0513-4B5A-957C-6D5301077BEA}.Release|Any CPU.ActiveCfg = Release|Any CPU
		{F3DA6E73-0513-4B5A-957C-6D5301077BEA}.Release|Any CPU.Build.0 = Release|Any CPU
	EndGlobalSection
	GlobalSection(SolutionProperties) = preSolution
		HideSolutionNode = FALSE
	EndGlobalSection
EndGlobal
